github.com/VividCortex/ewma v1.1.1 h1:MnEK4VOv6n0RSY4vtRe3h11qjxL3+t0B8yOL8iMXdcM=
github.com/VividCortex/ewma v1.1.1/go.mod h1:2Tkkvm3sRDVXaiyucHiACn4cqf7DpdyLvmxzcbUokwA=
golang.org/x/crypto v0.0.0-20190403202508-8e1b8d32e692 h1:GRhHqDOgeDr6QDTtq9gn2O4iKvm5dsbfqD/TXb0KLX0=
golang.org/x/crypto v0.0.0-20190403202508-8e1b8d32e692/go.mod h1:WFFai1msRO1wXaEeE5yQxYXgSfI8pQAWXbQop6sCtWE=
golang.org/x/sys v0.0.0-20190403152447-81d4e9dc473e h1:nFYrTHrdrAOpShe27kaFHjsqYSEQ0KWqdWLu3xuZJts=
golang.org/x/sys v0.0.0-20190403152447-81d4e9dc473e/go.mod h1:h1NjWce9XRLGQEsW7wpKNCjG9DtNlClVuFLEZdDNbEs=
